Microsoft Visual Studio Solution File, Format Version 12.00
# Visual Studio Version 17
VisualStudioVersion = 17.5.2.0
MinimumVisualStudioVersion = 10.0.40219.1
Project("{2150E333-8FDC-42A3-9474-1A3956D46DE8}") = "Lesson1", "Lesson1", "{FA1D5956-0C26-B055-4475-331A4996DC40}"
EndProject
Project("{FAE04EC0-301F-11D3-BF4B-00C04F79EFBC}") = "HelloWorld", "Lesson1\example\HelloWorld.csproj", "{071FE14E-A30D-989C-C4EB-ACE8871B3815}"
EndProject
Global
	GlobalSection(SolutionConfigurationPlatforms) = preSolution
		Debug|Any CPU = Debug|Any CPU
		Release|Any CPU = Release|Any CPU
	EndGlobalSection
	GlobalSection(ProjectConfigurationPlatforms) = postSolution
		{071FE14E-A30D-989C-C4EB-ACE8871B3815}.Debug|Any CPU.ActiveCfg = Debug|Any CPU
		{071FE14E-A30D-989C-C4EB-ACE8871B3815}.Debug|Any CPU.Build.0 = Debug|Any CPU
		{071FE14E-A30D-989C-C4EB-ACE8871B3815}.Release|Any CPU.ActiveCfg = Release|Any CPU
		{071FE14E-A30D-989C-C4EB-ACE8871B3815}.Release|Any CPU.Build.0 = Release|Any CPU
	EndGlobalSection
	GlobalSection(SolutionProperties) = preSolution
		HideSolutionNode = FALSE
	EndGlobalSection
	GlobalSection(NestedProjects) = preSolution
		{071FE14E-A30D-989C-C4EB-ACE8871B3815} = {FA1D5956-0C26-B055-4475-331A4996DC40}
	EndGlobalSection
	GlobalSection(ExtensibilityGlobals) = postSolution
		SolutionGuid = {E01F2827-EED8-4179-BC18-280B2B198739}
	EndGlobalSection
EndGlobal
